// !$*UTF8*$!
{
	archiveVersion = 1;
	classes = {
	};
	objectVersion = 52;
	objects = {

/* Begin PBXBuildFile section */
		774186EF276F1B4C0068D524 /* AudioKit in Frameworks */ = {isa = PBXBuildFile; productRef = 774186EE276F1B4C0068D524 /* AudioKit */; };
		774186F1276FC3D30068D524 /* SongView.swift in Sources */ = {isa = PBXBuildFile; fileRef = 774186F0276FC3D30068D524 /* SongView.swift */; };
		774186F2276FC3D30068D524 /* SongView.swift in Sources */ = {isa = PBXBuildFile; fileRef = 774186F0276FC3D30068D524 /* SongView.swift */; };
		774186F5276FEE8A0068D524 /* WaveView.swift in Sources */ = {isa = PBXBuildFile; fileRef = 774186F4276FEE8A0068D524 /* WaveView.swift */; };
		774186F6276FEE8A0068D524 /* WaveView.swift in Sources */ = {isa = PBXBuildFile; fileRef = 774186F4276FEE8A0068D524 /* WaveView.swift */; };
		77473C5D26C3547D0048F16E /* PitchShifter.swift in Sources */ = {isa = PBXBuildFile; fileRef = 77473C5C26C3547D0048F16E /* PitchShifter.swift */; };
		77473C5E26C3547D0048F16E /* PitchShifter.swift in Sources */ = {isa = PBXBuildFile; fileRef = 77473C5C26C3547D0048F16E /* PitchShifter.swift */; };
		7763789F2772A1D300C32125 /* NotesView.swift in Sources */ = {isa = PBXBuildFile; fileRef = 7763789E2772A1D300C32125 /* NotesView.swift */; };
		776378A02772A1D300C32125 /* NotesView.swift in Sources */ = {isa = PBXBuildFile; fileRef = 7763789E2772A1D300C32125 /* NotesView.swift */; };
		776378A4277344A800C32125 /* PitshError.swift in Sources */ = {isa = PBXBuildFile; fileRef = 776378A3277344A800C32125 /* PitshError.swift */; };
		776378A5277344A800C32125 /* PitshError.swift in Sources */ = {isa = PBXBuildFile; fileRef = 776378A3277344A800C32125 /* PitshError.swift */; };
		776378A72773D5B200C32125 /* Conductor.swift in Sources */ = {isa = PBXBuildFile; fileRef = 776378A62773D5B200C32125 /* Conductor.swift */; };
		776378A82773D5B200C32125 /* Conductor.swift in Sources */ = {isa = PBXBuildFile; fileRef = 776378A62773D5B200C32125 /* Conductor.swift */; };
		778CEBAD276D638F00E6C53E /* RecorderView.swift in Sources */ = {isa = PBXBuildFile; fileRef = 778CEBAC276D638F00E6C53E /* RecorderView.swift */; };
		778CEBAE276D638F00E6C53E /* RecorderView.swift in Sources */ = {isa = PBXBuildFile; fileRef = 778CEBAC276D638F00E6C53E /* RecorderView.swift */; };
		778CEBB1276D930600E6C53E /* URL+AudioFile.swift in Sources */ = {isa = PBXBuildFile; fileRef = 778CEBB0276D930600E6C53E /* URL+AudioFile.swift */; };
		778CEBB2276D930600E6C53E /* URL+AudioFile.swift in Sources */ = {isa = PBXBuildFile; fileRef = 778CEBB0276D930600E6C53E /* URL+AudioFile.swift */; };
		778CEBB8276DA58B00E6C53E /* Pitsh.xcdatamodeld in Sources */ = {isa = PBXBuildFile; fileRef = 778CEBB6276DA58B00E6C53E /* Pitsh.xcdatamodeld */; };
		778CEBB9276DA58B00E6C53E /* Pitsh.xcdatamodeld in Sources */ = {isa = PBXBuildFile; fileRef = 778CEBB6276DA58B00E6C53E /* Pitsh.xcdatamodeld */; };
		778CEBBD276DA5FC00E6C53E /* PitshDocument+Extensions.swift in Sources */ = {isa = PBXBuildFile; fileRef = 778CEBBB276DA5FC00E6C53E /* PitshDocument+Extensions.swift */; };
		778CEBBE276DA5FC00E6C53E /* PitshDocument+Extensions.swift in Sources */ = {isa = PBXBuildFile; fileRef = 778CEBBB276DA5FC00E6C53E /* PitshDocument+Extensions.swift */; };
		778CEBBF276DA5FC00E6C53E /* PitshEvent+Extensions.swift in Sources */ = {isa = PBXBuildFile; fileRef = 778CEBBC276DA5FC00E6C53E /* PitshEvent+Extensions.swift */; };
		778CEBC0276DA5FC00E6C53E /* PitshEvent+Extensions.swift in Sources */ = {isa = PBXBuildFile; fileRef = 778CEBBC276DA5FC00E6C53E /* PitshEvent+Extensions.swift */; };
		778CEBC2276EB05400E6C53E /* CoreDataContainer.swift in Sources */ = {isa = PBXBuildFile; fileRef = 778CEBC1276EB05400E6C53E /* CoreDataContainer.swift */; };
		778CEBC3276EB05400E6C53E /* CoreDataContainer.swift in Sources */ = {isa = PBXBuildFile; fileRef = 778CEBC1276EB05400E6C53E /* CoreDataContainer.swift */; };
		778CEBC5276EB19C00E6C53E /* GlobalEnvironment.swift in Sources */ = {isa = PBXBuildFile; fileRef = 778CEBC4276EB19C00E6C53E /* GlobalEnvironment.swift */; };
		778CEBC6276EB19C00E6C53E /* GlobalEnvironment.swift in Sources */ = {isa = PBXBuildFile; fileRef = 778CEBC4276EB19C00E6C53E /* GlobalEnvironment.swift */; };
		778CEBC9276EB1D300E6C53E /* CoreData.swift in Sources */ = {isa = PBXBuildFile; fileRef = 778CEBC8276EB1D300E6C53E /* CoreData.swift */; };
		778CEBCA276EB1D300E6C53E /* CoreData.swift in Sources */ = {isa = PBXBuildFile; fileRef = 778CEBC8276EB1D300E6C53E /* CoreData.swift */; };
		778CEBCC276EB29600E6C53E /* Helpers.swift in Sources */ = {isa = PBXBuildFile; fileRef = 778CEBCB276EB29600E6C53E /* Helpers.swift */; };
		778CEBCD276EB29600E6C53E /* Helpers.swift in Sources */ = {isa = PBXBuildFile; fileRef = 778CEBCB276EB29600E6C53E /* Helpers.swift */; };
		77C0D2CF26AA17A600670F6C /* Tests_iOS.swift in Sources */ = {isa = PBXBuildFile; fileRef = 77C0D2CE26AA17A600670F6C /* Tests_iOS.swift */; };
		77C0D2DA26AA17A600670F6C /* Tests_macOS.swift in Sources */ = {isa = PBXBuildFile; fileRef = 77C0D2D926AA17A600670F6C /* Tests_macOS.swift */; };
		77C0D2DC26AA17A600670F6C /* pitshApp.swift in Sources */ = {isa = PBXBuildFile; fileRef = 77C0D2B326AA17A600670F6C /* pitshApp.swift */; };
		77C0D2DD26AA17A600670F6C /* pitshApp.swift in Sources */ = {isa = PBXBuildFile; fileRef = 77C0D2B326AA17A600670F6C /* pitshApp.swift */; };
		77C0D2DE26AA17A600670F6C /* ContentView.swift in Sources */ = {isa = PBXBuildFile; fileRef = 77C0D2B426AA17A600670F6C /* ContentView.swift */; };
		77C0D2DF26AA17A600670F6C /* ContentView.swift in Sources */ = {isa = PBXBuildFile; fileRef = 77C0D2B426AA17A600670F6C /* ContentView.swift */; };
		77C0D2E026AA17A600670F6C /* Assets.xcassets in Resources */ = {isa = PBXBuildFile; fileRef = 77C0D2B526AA17A600670F6C /* Assets.xcassets */; };
		77C0D2E126AA17A600670F6C /* Assets.xcassets in Resources */ = {isa = PBXBuildFile; fileRef = 77C0D2B526AA17A600670F6C /* Assets.xcassets */; };
		77C0D2F226AA185100670F6C /* AudioKit in Frameworks */ = {isa = PBXBuildFile; productRef = 77C0D2F126AA185100670F6C /* AudioKit */; };
		77C0D2F626AA197A00670F6C /* KeyDetector.swift in Sources */ = {isa = PBXBuildFile; fileRef = 77C0D2F326AA197A00670F6C /* KeyDetector.swift */; };
		77C0D2F726AA197A00670F6C /* KeyDetector.swift in Sources */ = {isa = PBXBuildFile; fileRef = 77C0D2F326AA197A00670F6C /* KeyDetector.swift */; };
		77C0D2F826AA197A00670F6C /* NoteDetector.swift in Sources */ = {isa = PBXBuildFile; fileRef = 77C0D2F426AA197A00670F6C /* NoteDetector.swift */; };
		77C0D2F926AA197A00670F6C /* NoteDetector.swift in Sources */ = {isa = PBXBuildFile; fileRef = 77C0D2F426AA197A00670F6C /* NoteDetector.swift */; };
		77C0D2FA26AA197A00670F6C /* PitchDetector.swift in Sources */ = {isa = PBXBuildFile; fileRef = 77C0D2F526AA197A00670F6C /* PitchDetector.swift */; };
		77C0D2FB26AA197A00670F6C /* PitchDetector.swift in Sources */ = {isa = PBXBuildFile; fileRef = 77C0D2F526AA197A00670F6C /* PitchDetector.swift */; };
		77C0D2FD26AA19AD00670F6C /* Utilities.swift in Sources */ = {isa = PBXBuildFile; fileRef = 77C0D2FC26AA19AD00670F6C /* Utilities.swift */; };
		77C0D2FE26AA19AD00670F6C /* Utilities.swift in Sources */ = {isa = PBXBuildFile; fileRef = 77C0D2FC26AA19AD00670F6C /* Utilities.swift */; };
		77EC5AEB27713E2B00678CE1 /* NoteNamesView.swift in Sources */ = {isa = PBXBuildFile; fileRef = 77EC5AEA27713E2B00678CE1 /* NoteNamesView.swift */; };
		77EC5AEC27713E2B00678CE1 /* NoteNamesView.swift in Sources */ = {isa = PBXBuildFile; fileRef = 77EC5AEA27713E2B00678CE1 /* NoteNamesView.swift */; };
		77EC5AEE2771674D00678CE1 /* NoteView.swift in Sources */ = {isa = PBXBuildFile; fileRef = 77EC5AED2771674D00678CE1 /* NoteView.swift */; };
		77EC5AEF2771674D00678CE1 /* NoteView.swift in Sources */ = {isa = PBXBuildFile; fileRef = 77EC5AED2771674D00678CE1 /* NoteView.swift */; };
		77EC5AF2277262F300678CE1 /* Stroke.swift in Sources */ = {isa = PBXBuildFile; fileRef = 77EC5AF1277262F300678CE1 /* Stroke.swift */; };
		77EC5AF3277262F300678CE1 /* Stroke.swift in Sources */ = {isa = PBXBuildFile; fileRef = 77EC5AF1277262F300678CE1 /* Stroke.swift */; };
/* End PBXBuildFile section */

/* Begin PBXContainerItemProxy section */
		77C0D2CB26AA17A600670F6C /* PBXContainerItemProxy */ = {
			isa = PBXContainerItemProxy;
			containerPortal = 77C0D2AE26AA17A600670F6C /* Project object */;
			proxyType = 1;
			remoteGlobalIDString = 77C0D2B926AA17A600670F6C;
			remoteInfo = "pitsh (iOS)";
		};
		77C0D2D626AA17A600670F6C /* PBXContainerItemProxy */ = {
			isa = PBXContainerItemProxy;
			containerPortal = 77C0D2AE26AA17A600670F6C /* Project object */;
			proxyType = 1;
			remoteGlobalIDString = 77C0D2C126AA17A600670F6C;
			remoteInfo = "pitsh (macOS)";
		};
/* End PBXContainerItemProxy section */

/* Begin PBXFileReference section */
		774186F0276FC3D30068D524 /* SongView.swift */ = {isa = PBXFileReference; lastKnownFileType = sourcecode.swift; path = SongView.swift; sourceTree = "<group>"; };
		774186F4276FEE8A0068D524 /* WaveView.swift */ = {isa = PBXFileReference; lastKnownFileType = sourcecode.swift; path = WaveView.swift; sourceTree = "<group>"; };
		77473C5C26C3547D0048F16E /* PitchShifter.swift */ = {isa = PBXFileReference; fileEncoding = 4; lastKnownFileType = sourcecode.swift; path = PitchShifter.swift; sourceTree = "<group>"; };
		7763789A27728D3500C32125 /* pitsh (iOS).entitlements */ = {isa = PBXFileReference; lastKnownFileType = text.plist.entitlements; path = "pitsh (iOS).entitlements"; sourceTree = "<group>"; };
		7763789E2772A1D300C32125 /* NotesView.swift */ = {isa = PBXFileReference; lastKnownFileType = sourcecode.swift; path = NotesView.swift; sourceTree = "<group>"; };
		776378A3277344A800C32125 /* PitshError.swift */ = {isa = PBXFileReference; lastKnownFileType = sourcecode.swift; path = PitshError.swift; sourceTree = "<group>"; };
		776378A62773D5B200C32125 /* Conductor.swift */ = {isa = PBXFileReference; lastKnownFileType = sourcecode.swift; path = Conductor.swift; sourceTree = "<group>"; };
		778CEBAC276D638F00E6C53E /* RecorderView.swift */ = {isa = PBXFileReference; fileEncoding = 4; lastKnownFileType = sourcecode.swift; path = RecorderView.swift; sourceTree = "<group>"; };
		778CEBB0276D930600E6C53E /* URL+AudioFile.swift */ = {isa = PBXFileReference; fileEncoding = 4; lastKnownFileType = sourcecode.swift; path = "URL+AudioFile.swift"; sourceTree = "<group>"; };
		778CEBB7276DA58B00E6C53E /* Model.xcdatamodel */ = {isa = PBXFileReference; lastKnownFileType = wrapper.xcdatamodel; path = Model.xcdatamodel; sourceTree = "<group>"; };
		778CEBBB276DA5FC00E6C53E /* PitshDocument+Extensions.swift */ = {isa = PBXFileReference; fileEncoding = 4; lastKnownFileType = sourcecode.swift; path = "PitshDocument+Extensions.swift"; sourceTree = "<group>"; };
		778CEBBC276DA5FC00E6C53E /* PitshEvent+Extensions.swift */ = {isa = PBXFileReference; fileEncoding = 4; lastKnownFileType = sourcecode.swift; path = "PitshEvent+Extensions.swift"; sourceTree = "<group>"; };
		778CEBC1276EB05400E6C53E /* CoreDataContainer.swift */ = {isa = PBXFileReference; lastKnownFileType = sourcecode.swift; path = CoreDataContainer.swift; sourceTree = "<group>"; };
		778CEBC4276EB19C00E6C53E /* GlobalEnvironment.swift */ = {isa = PBXFileReference; lastKnownFileType = sourcecode.swift; path = GlobalEnvironment.swift; sourceTree = "<group>"; };
		778CEBC8276EB1D300E6C53E /* CoreData.swift */ = {isa = PBXFileReference; lastKnownFileType = sourcecode.swift; path = CoreData.swift; sourceTree = "<group>"; };
		778CEBCB276EB29600E6C53E /* Helpers.swift */ = {isa = PBXFileReference; lastKnownFileType = sourcecode.swift; path = Helpers.swift; sourceTree = "<group>"; };
		77C0D2B326AA17A600670F6C /* pitshApp.swift */ = {isa = PBXFileReference; lastKnownFileType = sourcecode.swift; path = pitshApp.swift; sourceTree = "<group>"; };
		77C0D2B426AA17A600670F6C /* ContentView.swift */ = {isa = PBXFileReference; lastKnownFileType = sourcecode.swift; path = ContentView.swift; sourceTree = "<group>"; };
		77C0D2B526AA17A600670F6C /* Assets.xcassets */ = {isa = PBXFileReference; lastKnownFileType = folder.assetcatalog; path = Assets.xcassets; sourceTree = "<group>"; };
		77C0D2BA26AA17A600670F6C /* pitsh.app */ = {isa = PBXFileReference; explicitFileType = wrapper.application; includeInIndex = 0; path = pitsh.app; sourceTree = BUILT_PRODUCTS_DIR; };
		77C0D2BD26AA17A600670F6C /* Info.plist */ = {isa = PBXFileReference; lastKnownFileType = text.plist.xml; path = Info.plist; sourceTree = "<group>"; };
		77C0D2C226AA17A600670F6C /* pitsh.app */ = {isa = PBXFileReference; explicitFileType = wrapper.application; includeInIndex = 0; path = pitsh.app; sourceTree = BUILT_PRODUCTS_DIR; };
		77C0D2C426AA17A600670F6C /* Info.plist */ = {isa = PBXFileReference; lastKnownFileType = text.plist.xml; path = Info.plist; sourceTree = "<group>"; };
		77C0D2C526AA17A600670F6C /* macOS.entitlements */ = {isa = PBXFileReference; lastKnownFileType = text.plist.entitlements; path = macOS.entitlements; sourceTree = "<group>"; };
		77C0D2CA26AA17A600670F6C /* Tests iOS.xctest */ = {isa = PBXFileReference; explicitFileType = wrapper.cfbundle; includeInIndex = 0; path = "Tests iOS.xctest"; sourceTree = BUILT_PRODUCTS_DIR; };
		77C0D2CE26AA17A600670F6C /* Tests_iOS.swift */ = {isa = PBXFileReference; lastKnownFileType = sourcecode.swift; path = Tests_iOS.swift; sourceTree = "<group>"; };
		77C0D2D026AA17A600670F6C /* Info.plist */ = {isa = PBXFileReference; lastKnownFileType = text.plist.xml; path = Info.plist; sourceTree = "<group>"; };
		77C0D2D526AA17A600670F6C /* Tests macOS.xctest */ = {isa = PBXFileReference; explicitFileType = wrapper.cfbundle; includeInIndex = 0; path = "Tests macOS.xctest"; sourceTree = BUILT_PRODUCTS_DIR; };
		77C0D2D926AA17A600670F6C /* Tests_macOS.swift */ = {isa = PBXFileReference; lastKnownFileType = sourcecode.swift; path = Tests_macOS.swift; sourceTree = "<group>"; };
		77C0D2DB26AA17A600670F6C /* Info.plist */ = {isa = PBXFileReference; lastKnownFileType = text.plist.xml; path = Info.plist; sourceTree = "<group>"; };
		77C0D2F326AA197A00670F6C /* KeyDetector.swift */ = {isa = PBXFileReference; fileEncoding = 4; lastKnownFileType = sourcecode.swift; path = KeyDetector.swift; sourceTree = "<group>"; };
		77C0D2F426AA197A00670F6C /* NoteDetector.swift */ = {isa = PBXFileReference; fileEncoding = 4; lastKnownFileType = sourcecode.swift; path = NoteDetector.swift; sourceTree = "<group>"; };
		77C0D2F526AA197A00670F6C /* PitchDetector.swift */ = {isa = PBXFileReference; fileEncoding = 4; lastKnownFileType = sourcecode.swift; path = PitchDetector.swift; sourceTree = "<group>"; };
		77C0D2FC26AA19AD00670F6C /* Utilities.swift */ = {isa = PBXFileReference; fileEncoding = 4; lastKnownFileType = sourcecode.swift; path = Utilities.swift; sourceTree = "<group>"; };
		77EC5AEA27713E2B00678CE1 /* NoteNamesView.swift */ = {isa = PBXFileReference; lastKnownFileType = sourcecode.swift; path = NoteNamesView.swift; sourceTree = "<group>"; };
		77EC5AED2771674D00678CE1 /* NoteView.swift */ = {isa = PBXFileReference; lastKnownFileType = sourcecode.swift; path = NoteView.swift; sourceTree = "<group>"; };
		77EC5AF1277262F300678CE1 /* Stroke.swift */ = {isa = PBXFileReference; lastKnownFileType = sourcecode.swift; path = Stroke.swift; sourceTree = "<group>"; };
/* End PBXFileReference section */

/* Begin PBXFrameworksBuildPhase section */
		77C0D2B726AA17A600670F6C /* Frameworks */ = {
			isa = PBXFrameworksBuildPhase;
			buildActionMask = 2147483647;
			files = (
				77C0D2F226AA185100670F6C /* AudioKit in Frameworks */,
			);
			runOnlyForDeploymentPostprocessing = 0;
		};
		77C0D2BF26AA17A600670F6C /* Frameworks */ = {
			isa = PBXFrameworksBuildPhase;
			buildActionMask = 2147483647;
			files = (
				774186EF276F1B4C0068D524 /* AudioKit in Frameworks */,
			);
			runOnlyForDeploymentPostprocessing = 0;
		};
		77C0D2C726AA17A600670F6C /* Frameworks */ = {
			isa = PBXFrameworksBuildPhase;
			buildActionMask = 2147483647;
			files = (
			);
			runOnlyForDeploymentPostprocessing = 0;
		};
		77C0D2D226AA17A600670F6C /* Frameworks */ = {
			isa = PBXFrameworksBuildPhase;
			buildActionMask = 2147483647;
			files = (
			);
			runOnlyForDeploymentPostprocessing = 0;
		};
/* End PBXFrameworksBuildPhase section */

/* Begin PBXGroup section */
		774186ED276F1B4C0068D524 /* Frameworks */ = {
			isa = PBXGroup;
			children = (
			);
			name = Frameworks;
			sourceTree = "<group>";
		};
		776378A22772B1F700C32125 /* Views */ = {
			isa = PBXGroup;
			children = (
				778CEBAC276D638F00E6C53E /* RecorderView.swift */,
				774186F0276FC3D30068D524 /* SongView.swift */,
				77EC5AED2771674D00678CE1 /* NoteView.swift */,
				7763789E2772A1D300C32125 /* NotesView.swift */,
				77EC5AEA27713E2B00678CE1 /* NoteNamesView.swift */,
				774186F4276FEE8A0068D524 /* WaveView.swift */,
			);
			path = Views;
			sourceTree = "<group>";
		};
		778CEBBA276DA5DE00E6C53E /* CoreData */ = {
			isa = PBXGroup;
			children = (
				778CEBB6276DA58B00E6C53E /* Pitsh.xcdatamodeld */,
				778CEBBB276DA5FC00E6C53E /* PitshDocument+Extensions.swift */,
				778CEBBC276DA5FC00E6C53E /* PitshEvent+Extensions.swift */,
				778CEBC1276EB05400E6C53E /* CoreDataContainer.swift */,
			);
			path = CoreData;
			sourceTree = "<group>";
		};
		778CEBC7276EB1C600E6C53E /* Dependencies */ = {
			isa = PBXGroup;
			children = (
				778CEBC8276EB1D300E6C53E /* CoreData.swift */,
				778CEBC4276EB19C00E6C53E /* GlobalEnvironment.swift */,
				776378A62773D5B200C32125 /* Conductor.swift */,
			);
			path = Dependencies;
			sourceTree = "<group>";
		};
		77C0D2AD26AA17A600670F6C = {
			isa = PBXGroup;
			children = (
				7763789A27728D3500C32125 /* pitsh (iOS).entitlements */,
				77C0D2B226AA17A600670F6C /* Shared */,
				77C0D2BC26AA17A600670F6C /* iOS */,
				77C0D2C326AA17A600670F6C /* macOS */,
				77C0D2CD26AA17A600670F6C /* Tests iOS */,
				77C0D2D826AA17A600670F6C /* Tests macOS */,
				77C0D2BB26AA17A600670F6C /* Products */,
				774186ED276F1B4C0068D524 /* Frameworks */,
			);
			sourceTree = "<group>";
		};
		77C0D2B226AA17A600670F6C /* Shared */ = {
			isa = PBXGroup;
			children = (
				778CEBBA276DA5DE00E6C53E /* CoreData */,
				77C0D2FF26AA1B6400670F6C /* processing */,
				77C0D2B326AA17A600670F6C /* pitshApp.swift */,
				776378A22772B1F700C32125 /* Views */,
				77EC5AF1277262F300678CE1 /* Stroke.swift */,
				776378A3277344A800C32125 /* PitshError.swift */,
				778CEBCB276EB29600E6C53E /* Helpers.swift */,
				77C0D2B426AA17A600670F6C /* ContentView.swift */,
				77C0D2B526AA17A600670F6C /* Assets.xcassets */,
				778CEBC7276EB1C600E6C53E /* Dependencies */,
			);
			path = Shared;
			sourceTree = "<group>";
		};
		77C0D2BB26AA17A600670F6C /* Products */ = {
			isa = PBXGroup;
			children = (
				77C0D2BA26AA17A600670F6C /* pitsh.app */,
				77C0D2C226AA17A600670F6C /* pitsh.app */,
				77C0D2CA26AA17A600670F6C /* Tests iOS.xctest */,
				77C0D2D526AA17A600670F6C /* Tests macOS.xctest */,
			);
			name = Products;
			sourceTree = "<group>";
		};
		77C0D2BC26AA17A600670F6C /* iOS */ = {
			isa = PBXGroup;
			children = (
				77C0D2BD26AA17A600670F6C /* Info.plist */,
			);
			path = iOS;
			sourceTree = "<group>";
		};
		77C0D2C326AA17A600670F6C /* macOS */ = {
			isa = PBXGroup;
			children = (
				77C0D2C426AA17A600670F6C /* Info.plist */,
				77C0D2C526AA17A600670F6C /* macOS.entitlements */,
			);
			path = macOS;
			sourceTree = "<group>";
		};
		77C0D2CD26AA17A600670F6C /* Tests iOS */ = {
			isa = PBXGroup;
			children = (
				77C0D2CE26AA17A600670F6C /* Tests_iOS.swift */,
				77C0D2D026AA17A600670F6C /* Info.plist */,
			);
			path = "Tests iOS";
			sourceTree = "<group>";
		};
		77C0D2D826AA17A600670F6C /* Tests macOS */ = {
			isa = PBXGroup;
			children = (
				77C0D2D926AA17A600670F6C /* Tests_macOS.swift */,
				77C0D2DB26AA17A600670F6C /* Info.plist */,
			);
			path = "Tests macOS";
			sourceTree = "<group>";
		};
		77C0D2FF26AA1B6400670F6C /* processing */ = {
			isa = PBXGroup;
			children = (
				778CEBB0276D930600E6C53E /* URL+AudioFile.swift */,
				77473C5C26C3547D0048F16E /* PitchShifter.swift */,
				77C0D2FC26AA19AD00670F6C /* Utilities.swift */,
				77C0D2F326AA197A00670F6C /* KeyDetector.swift */,
				77C0D2F426AA197A00670F6C /* NoteDetector.swift */,
				77C0D2F526AA197A00670F6C /* PitchDetector.swift */,
			);
			path = processing;
			sourceTree = "<group>";
		};
/* End PBXGroup section */

/* Begin PBXNativeTarget section */
		77C0D2B926AA17A600670F6C /* pitsh (iOS) */ = {
			isa = PBXNativeTarget;
			buildConfigurationList = 77C0D2E426AA17A600670F6C /* Build configuration list for PBXNativeTarget "pitsh (iOS)" */;
			buildPhases = (
				77C0D2B626AA17A600670F6C /* Sources */,
				77C0D2B726AA17A600670F6C /* Frameworks */,
				77C0D2B826AA17A600670F6C /* Resources */,
			);
			buildRules = (
			);
			dependencies = (
			);
			name = "pitsh (iOS)";
			packageProductDependencies = (
				77C0D2F126AA185100670F6C /* AudioKit */,
			);
			productName = "pitsh (iOS)";
			productReference = 77C0D2BA26AA17A600670F6C /* pitsh.app */;
			productType = "com.apple.product-type.application";
		};
		77C0D2C126AA17A600670F6C /* pitsh (macOS) */ = {
			isa = PBXNativeTarget;
			buildConfigurationList = 77C0D2E726AA17A600670F6C /* Build configuration list for PBXNativeTarget "pitsh (macOS)" */;
			buildPhases = (
				77C0D2BE26AA17A600670F6C /* Sources */,
				77C0D2BF26AA17A600670F6C /* Frameworks */,
				77C0D2C026AA17A600670F6C /* Resources */,
			);
			buildRules = (
			);
			dependencies = (
			);
			name = "pitsh (macOS)";
			packageProductDependencies = (
				774186EE276F1B4C0068D524 /* AudioKit */,
			);
			productName = "pitsh (macOS)";
			productReference = 77C0D2C226AA17A600670F6C /* pitsh.app */;
			productType = "com.apple.product-type.application";
		};
		77C0D2C926AA17A600670F6C /* Tests iOS */ = {
			isa = PBXNativeTarget;
			buildConfigurationList = 77C0D2EA26AA17A600670F6C /* Build configuration list for PBXNativeTarget "Tests iOS" */;
			buildPhases = (
				77C0D2C626AA17A600670F6C /* Sources */,
				77C0D2C726AA17A600670F6C /* Frameworks */,
				77C0D2C826AA17A600670F6C /* Resources */,
			);
			buildRules = (
			);
			dependencies = (
				77C0D2CC26AA17A600670F6C /* PBXTargetDependency */,
			);
			name = "Tests iOS";
			productName = "Tests iOS";
			productReference = 77C0D2CA26AA17A600670F6C /* Tests iOS.xctest */;
			productType = "com.apple.product-type.bundle.ui-testing";
		};
		77C0D2D426AA17A600670F6C /* Tests macOS */ = {
			isa = PBXNativeTarget;
			buildConfigurationList = 77C0D2ED26AA17A600670F6C /* Build configuration list for PBXNativeTarget "Tests macOS" */;
			buildPhases = (
				77C0D2D126AA17A600670F6C /* Sources */,
				77C0D2D226AA17A600670F6C /* Frameworks */,
				77C0D2D326AA17A600670F6C /* Resources */,
			);
			buildRules = (
			);
			dependencies = (
				77C0D2D726AA17A600670F6C /* PBXTargetDependency */,
			);
			name = "Tests macOS";
			productName = "Tests macOS";
			productReference = 77C0D2D526AA17A600670F6C /* Tests macOS.xctest */;
			productType = "com.apple.product-type.bundle.ui-testing";
		};
/* End PBXNativeTarget section */

/* Begin PBXProject section */
		77C0D2AE26AA17A600670F6C /* Project object */ = {
			isa = PBXProject;
			attributes = {
				LastSwiftUpdateCheck = 1250;
				LastUpgradeCheck = 1320;
				TargetAttributes = {
					77C0D2B926AA17A600670F6C = {
						CreatedOnToolsVersion = 12.5.1;
					};
					77C0D2C126AA17A600670F6C = {
						CreatedOnToolsVersion = 12.5.1;
					};
					77C0D2C926AA17A600670F6C = {
						CreatedOnToolsVersion = 12.5.1;
						TestTargetID = 77C0D2B926AA17A600670F6C;
					};
					77C0D2D426AA17A600670F6C = {
						CreatedOnToolsVersion = 12.5.1;
						TestTargetID = 77C0D2C126AA17A600670F6C;
					};
				};
			};
			buildConfigurationList = 77C0D2B126AA17A600670F6C /* Build configuration list for PBXProject "pitsh" */;
			compatibilityVersion = "Xcode 9.3";
			developmentRegion = en;
			hasScannedForEncodings = 0;
			knownRegions = (
				en,
				Base,
			);
			mainGroup = 77C0D2AD26AA17A600670F6C;
			packageReferences = (
				77C0D2F026AA185100670F6C /* XCRemoteSwiftPackageReference "AudioKit" */,
			);
			productRefGroup = 77C0D2BB26AA17A600670F6C /* Products */;
			projectDirPath = "";
			projectRoot = "";
			targets = (
				77C0D2B926AA17A600670F6C /* pitsh (iOS) */,
				77C0D2C126AA17A600670F6C /* pitsh (macOS) */,
				77C0D2C926AA17A600670F6C /* Tests iOS */,
				77C0D2D426AA17A600670F6C /* Tests macOS */,
			);
		};
/* End PBXProject section */

/* Begin PBXResourcesBuildPhase section */
		77C0D2B826AA17A600670F6C /* Resources */ = {
			isa = PBXResourcesBuildPhase;
			buildActionMask = 2147483647;
			files = (
				77C0D2E026AA17A600670F6C /* Assets.xcassets in Resources */,
			);
			runOnlyForDeploymentPostprocessing = 0;
		};
		77C0D2C026AA17A600670F6C /* Resources */ = {
			isa = PBXResourcesBuildPhase;
			buildActionMask = 2147483647;
			files = (
				77C0D2E126AA17A600670F6C /* Assets.xcassets in Resources */,
			);
			runOnlyForDeploymentPostprocessing = 0;
		};
		77C0D2C826AA17A600670F6C /* Resources */ = {
			isa = PBXResourcesBuildPhase;
			buildActionMask = 2147483647;
			files = (
			);
			runOnlyForDeploymentPostprocessing = 0;
		};
		77C0D2D326AA17A600670F6C /* Resources */ = {
			isa = PBXResourcesBuildPhase;
			buildActionMask = 2147483647;
			files = (
			);
			runOnlyForDeploymentPostprocessing = 0;
		};
/* End PBXResourcesBuildPhase section */

/* Begin PBXSourcesBuildPhase section */
		77C0D2B626AA17A600670F6C /* Sources */ = {
			isa = PBXSourcesBuildPhase;
			buildActionMask = 2147483647;
			files = (
				77473C5D26C3547D0048F16E /* PitchShifter.swift in Sources */,
				778CEBBF276DA5FC00E6C53E /* PitshEvent+Extensions.swift in Sources */,
				774186F1276FC3D30068D524 /* SongView.swift in Sources */,
				778CEBB1276D930600E6C53E /* URL+AudioFile.swift in Sources */,
				778CEBC5276EB19C00E6C53E /* GlobalEnvironment.swift in Sources */,
				776378A4277344A800C32125 /* PitshError.swift in Sources */,
				77EC5AEB27713E2B00678CE1 /* NoteNamesView.swift in Sources */,
				7763789F2772A1D300C32125 /* NotesView.swift in Sources */,
				77EC5AEE2771674D00678CE1 /* NoteView.swift in Sources */,
				778CEBC9276EB1D300E6C53E /* CoreData.swift in Sources */,
				778CEBBD276DA5FC00E6C53E /* PitshDocument+Extensions.swift in Sources */,
				774186F5276FEE8A0068D524 /* WaveView.swift in Sources */,
				77C0D2FD26AA19AD00670F6C /* Utilities.swift in Sources */,
				77C0D2FA26AA197A00670F6C /* PitchDetector.swift in Sources */,
				778CEBC2276EB05400E6C53E /* CoreDataContainer.swift in Sources */,
				77EC5AF2277262F300678CE1 /* Stroke.swift in Sources */,
				77C0D2DE26AA17A600670F6C /* ContentView.swift in Sources */,
				77C0D2F826AA197A00670F6C /* NoteDetector.swift in Sources */,
				778CEBCC276EB29600E6C53E /* Helpers.swift in Sources */,
				776378A72773D5B200C32125 /* Conductor.swift in Sources */,
				77C0D2DC26AA17A600670F6C /* pitshApp.swift in Sources */,
				77C0D2F626AA197A00670F6C /* KeyDetector.swift in Sources */,
				778CEBB8276DA58B00E6C53E /* Pitsh.xcdatamodeld in Sources */,
				778CEBAD276D638F00E6C53E /* RecorderView.swift in Sources */,
			);
			runOnlyForDeploymentPostprocessing = 0;
		};
		77C0D2BE26AA17A600670F6C /* Sources */ = {
			isa = PBXSourcesBuildPhase;
			buildActionMask = 2147483647;
			files = (
				77473C5E26C3547D0048F16E /* PitchShifter.swift in Sources */,
				778CEBC0276DA5FC00E6C53E /* PitshEvent+Extensions.swift in Sources */,
				774186F2276FC3D30068D524 /* SongView.swift in Sources */,
				778CEBB2276D930600E6C53E /* URL+AudioFile.swift in Sources */,
				778CEBC6276EB19C00E6C53E /* GlobalEnvironment.swift in Sources */,
				776378A5277344A800C32125 /* PitshError.swift in Sources */,
				77EC5AEC27713E2B00678CE1 /* NoteNamesView.swift in Sources */,
				776378A02772A1D300C32125 /* NotesView.swift in Sources */,
				77EC5AEF2771674D00678CE1 /* NoteView.swift in Sources */,
				778CEBCA276EB1D300E6C53E /* CoreData.swift in Sources */,
				778CEBBE276DA5FC00E6C53E /* PitshDocument+Extensions.swift in Sources */,
				774186F6276FEE8A0068D524 /* WaveView.swift in Sources */,
				77C0D2FE26AA19AD00670F6C /* Utilities.swift in Sources */,
				77C0D2FB26AA197A00670F6C /* PitchDetector.swift in Sources */,
				778CEBC3276EB05400E6C53E /* CoreDataContainer.swift in Sources */,
				77EC5AF3277262F300678CE1 /* Stroke.swift in Sources */,
				77C0D2DF26AA17A600670F6C /* ContentView.swift in Sources */,
				77C0D2F926AA197A00670F6C /* NoteDetector.swift in Sources */,
				778CEBCD276EB29600E6C53E /* Helpers.swift in Sources */,
				776378A82773D5B200C32125 /* Conductor.swift in Sources */,
				77C0D2DD26AA17A600670F6C /* pitshApp.swift in Sources */,
				77C0D2F726AA197A00670F6C /* KeyDetector.swift in Sources */,
				778CEBB9276DA58B00E6C53E /* Pitsh.xcdatamodeld in Sources */,
				778CEBAE276D638F00E6C53E /* RecorderView.swift in Sources */,
			);
			runOnlyForDeploymentPostprocessing = 0;
		};
		77C0D2C626AA17A600670F6C /* Sources */ = {
			isa = PBXSourcesBuildPhase;
			buildActionMask = 2147483647;
			files = (
				77C0D2CF26AA17A600670F6C /* Tests_iOS.swift in Sources */,
			);
			runOnlyForDeploymentPostprocessing = 0;
		};
		77C0D2D126AA17A600670F6C /* Sources */ = {
			isa = PBXSourcesBuildPhase;
			buildActionMask = 2147483647;
			files = (
				77C0D2DA26AA17A600670F6C /* Tests_macOS.swift in Sources */,
			);
			runOnlyForDeploymentPostprocessing = 0;
		};
/* End PBXSourcesBuildPhase section */

/* Begin PBXTargetDependency section */
		77C0D2CC26AA17A600670F6C /* PBXTargetDependency */ = {
			isa = PBXTargetDependency;
			target = 77C0D2B926AA17A600670F6C /* pitsh (iOS) */;
			targetProxy = 77C0D2CB26AA17A600670F6C /* PBXContainerItemProxy */;
		};
		77C0D2D726AA17A600670F6C /* PBXTargetDependency */ = {
			isa = PBXTargetDependency;
			target = 77C0D2C126AA17A600670F6C /* pitsh (macOS) */;
			targetProxy = 77C0D2D626AA17A600670F6C /* PBXContainerItemProxy */;
		};
/* End PBXTargetDependency section */

/* Begin XCBuildConfiguration section */
		77C0D2E226AA17A600670F6C /* Debug */ = {
			isa = XCBuildConfiguration;
			buildSettings = {
				ALWAYS_SEARCH_USER_PATHS = NO;
				CLANG_ANALYZER_NONNULL = YES;
				CLANG_ANALYZER_NUMBER_OBJECT_CONVERSION = YES_AGGRESSIVE;
				CLANG_CXX_LANGUAGE_STANDARD = "gnu++14";
				CLANG_CXX_LIBRARY = "libc++";
				CLANG_ENABLE_MODULES = YES;
				CLANG_ENABLE_OBJC_ARC = YES;
				CLANG_ENABLE_OBJC_WEAK = YES;
				CLANG_WARN_BLOCK_CAPTURE_AUTORELEASING = YES;
				CLANG_WARN_BOOL_CONVERSION = YES;
				CLANG_WARN_COMMA = YES;
				CLANG_WARN_CONSTANT_CONVERSION = YES;
				CLANG_WARN_DEPRECATED_OBJC_IMPLEMENTATIONS = YES;
				CLANG_WARN_DIRECT_OBJC_ISA_USAGE = YES_ERROR;
				CLANG_WARN_DOCUMENTATION_COMMENTS = YES;
				CLANG_WARN_EMPTY_BODY = YES;
				CLANG_WARN_ENUM_CONVERSION = YES;
				CLANG_WARN_INFINITE_RECURSION = YES;
				CLANG_WARN_INT_CONVERSION = YES;
				CLANG_WARN_NON_LITERAL_NULL_CONVERSION = YES;
				CLANG_WARN_OBJC_IMPLICIT_RETAIN_SELF = YES;
				CLANG_WARN_OBJC_LITERAL_CONVERSION = YES;
				CLANG_WARN_OBJC_ROOT_CLASS = YES_ERROR;
				CLANG_WARN_QUOTED_INCLUDE_IN_FRAMEWORK_HEADER = YES;
				CLANG_WARN_RANGE_LOOP_ANALYSIS = YES;
				CLANG_WARN_STRICT_PROTOTYPES = YES;
				CLANG_WARN_SUSPICIOUS_MOVE = YES;
				CLANG_WARN_UNGUARDED_AVAILABILITY = YES_AGGRESSIVE;
				CLANG_WARN_UNREACHABLE_CODE = YES;
				CLANG_WARN__DUPLICATE_METHOD_MATCH = YES;
				COPY_PHASE_STRIP = NO;
				DEBUG_INFORMATION_FORMAT = dwarf;
				ENABLE_STRICT_OBJC_MSGSEND = YES;
				ENABLE_TESTABILITY = YES;
				GCC_C_LANGUAGE_STANDARD = gnu11;
				GCC_DYNAMIC_NO_PIC = NO;
				GCC_NO_COMMON_BLOCKS = YES;
				GCC_OPTIMIZATION_LEVEL = 0;
				GCC_PREPROCESSOR_DEFINITIONS = (
					"DEBUG=1",
					"$(inherited)",
				);
				GCC_WARN_64_TO_32_BIT_CONVERSION = YES;
				GCC_WARN_ABOUT_RETURN_TYPE = YES_ERROR;
				GCC_WARN_UNDECLARED_SELECTOR = YES;
				GCC_WARN_UNINITIALIZED_AUTOS = YES_AGGRESSIVE;
				GCC_WARN_UNUSED_FUNCTION = YES;
				GCC_WARN_UNUSED_VARIABLE = YES;
				IPHONEOS_DEPLOYMENT_TARGET = 15.0;
				MACOSX_DEPLOYMENT_TARGET = 12.0;
				MTL_ENABLE_DEBUG_INFO = INCLUDE_SOURCE;
				MTL_FAST_MATH = YES;
				ONLY_ACTIVE_ARCH = YES;
				SWIFT_ACTIVE_COMPILATION_CONDITIONS = DEBUG;
				SWIFT_OPTIMIZATION_LEVEL = "-Onone";
			};
			name = Debug;
		};
		77C0D2E326AA17A600670F6C /* Release */ = {
			isa = XCBuildConfiguration;
			buildSettings = {
				ALWAYS_SEARCH_USER_PATHS = NO;
				CLANG_ANALYZER_NONNULL = YES;
				CLANG_ANALYZER_NUMBER_OBJECT_CONVERSION = YES_AGGRESSIVE;
				CLANG_CXX_LANGUAGE_STANDARD = "gnu++14";
				CLANG_CXX_LIBRARY = "libc++";
				CLANG_ENABLE_MODULES = YES;
				CLANG_ENABLE_OBJC_ARC = YES;
				CLANG_ENABLE_OBJC_WEAK = YES;
				CLANG_WARN_BLOCK_CAPTURE_AUTORELEASING = YES;
				CLANG_WARN_BOOL_CONVERSION = YES;
				CLANG_WARN_COMMA = YES;
				CLANG_WARN_CONSTANT_CONVERSION = YES;
				CLANG_WARN_DEPRECATED_OBJC_IMPLEMENTATIONS = YES;
				CLANG_WARN_DIRECT_OBJC_ISA_USAGE = YES_ERROR;
				CLANG_WARN_DOCUMENTATION_COMMENTS = YES;
				CLANG_WARN_EMPTY_BODY = YES;
				CLANG_WARN_ENUM_CONVERSION = YES;
				CLANG_WARN_INFINITE_RECURSION = YES;
				CLANG_WARN_INT_CONVERSION = YES;
				CLANG_WARN_NON_LITERAL_NULL_CONVERSION = YES;
				CLANG_WARN_OBJC_IMPLICIT_RETAIN_SELF = YES;
				CLANG_WARN_OBJC_LITERAL_CONVERSION = YES;
				CLANG_WARN_OBJC_ROOT_CLASS = YES_ERROR;
				CLANG_WARN_QUOTED_INCLUDE_IN_FRAMEWORK_HEADER = YES;
				CLANG_WARN_RANGE_LOOP_ANALYSIS = YES;
				CLANG_WARN_STRICT_PROTOTYPES = YES;
				CLANG_WARN_SUSPICIOUS_MOVE = YES;
				CLANG_WARN_UNGUARDED_AVAILABILITY = YES_AGGRESSIVE;
				CLANG_WARN_UNREACHABLE_CODE = YES;
				CLANG_WARN__DUPLICATE_METHOD_MATCH = YES;
				COPY_PHASE_STRIP = NO;
				DEBUG_INFORMATION_FORMAT = "dwarf-with-dsym";
				ENABLE_NS_ASSERTIONS = NO;
				ENABLE_STRICT_OBJC_MSGSEND = YES;
				GCC_C_LANGUAGE_STANDARD = gnu11;
				GCC_NO_COMMON_BLOCKS = YES;
				GCC_WARN_64_TO_32_BIT_CONVERSION = YES;
				GCC_WARN_ABOUT_RETURN_TYPE = YES_ERROR;
				GCC_WARN_UNDECLARED_SELECTOR = YES;
				GCC_WARN_UNINITIALIZED_AUTOS = YES_AGGRESSIVE;
				GCC_WARN_UNUSED_FUNCTION = YES;
				GCC_WARN_UNUSED_VARIABLE = YES;
				IPHONEOS_DEPLOYMENT_TARGET = 15.0;
				MACOSX_DEPLOYMENT_TARGET = 12.0;
				MTL_ENABLE_DEBUG_INFO = NO;
				MTL_FAST_MATH = YES;
				SWIFT_COMPILATION_MODE = wholemodule;
				SWIFT_OPTIMIZATION_LEVEL = "-O";
			};
			name = Release;
		};
		77C0D2E526AA17A600670F6C /* Debug */ = {
			isa = XCBuildConfiguration;
			buildSettings = {
				ASSETCATALOG_COMPILER_APPICON_NAME = AppIcon;
				ASSETCATALOG_COMPILER_GLOBAL_ACCENT_COLOR_NAME = AccentColor;
				CODE_SIGN_ENTITLEMENTS = "pitsh (iOS).entitlements";
				CODE_SIGN_IDENTITY = "Apple Development";
				CODE_SIGN_STYLE = Automatic;
				DEVELOPMENT_TEAM = RMZ2G329T3;
				ENABLE_PREVIEWS = YES;
				GCC_PREPROCESSOR_DEFINITIONS = (
					"DEBUG=1",
					"$(inherited)",
				);
				INFOPLIST_FILE = iOS/Info.plist;
				IPHONEOS_DEPLOYMENT_TARGET = 15.0;
				LD_RUNPATH_SEARCH_PATHS = (
					"$(inherited)",
					"@executable_path/Frameworks",
				);
				PRODUCT_BUNDLE_IDENTIFIER = net.rubenz.pitsh;
				PRODUCT_NAME = pitsh;
				PROVISIONING_PROFILE_SPECIFIER = "";
				SDKROOT = iphoneos;
				SUPPORTS_MACCATALYST = YES;
				SWIFT_VERSION = 5.0;
				TARGETED_DEVICE_FAMILY = "1,2,6";
			};
			name = Debug;
		};
		77C0D2E626AA17A600670F6C /* Release */ = {
			isa = XCBuildConfiguration;
			buildSettings = {
				ASSETCATALOG_COMPILER_APPICON_NAME = AppIcon;
				ASSETCATALOG_COMPILER_GLOBAL_ACCENT_COLOR_NAME = AccentColor;
				CODE_SIGN_ENTITLEMENTS = "pitsh (iOS).entitlements";
				CODE_SIGN_IDENTITY = "Apple Development";
				CODE_SIGN_STYLE = Automatic;
				DEVELOPMENT_TEAM = RMZ2G329T3;
				ENABLE_PREVIEWS = YES;
				GCC_PREPROCESSOR_DEFINITIONS = "";
				INFOPLIST_FILE = iOS/Info.plist;
				IPHONEOS_DEPLOYMENT_TARGET = 15.0;
				LD_RUNPATH_SEARCH_PATHS = (
					"$(inherited)",
					"@executable_path/Frameworks",
				);
				PRODUCT_BUNDLE_IDENTIFIER = net.rubenz.pitsh;
				PRODUCT_NAME = pitsh;
				PROVISIONING_PROFILE_SPECIFIER = "";
				SDKROOT = iphoneos;
				SUPPORTS_MACCATALYST = YES;
				SWIFT_VERSION = 5.0;
				TARGETED_DEVICE_FAMILY = "1,2,6";
				VALIDATE_PRODUCT = YES;
			};
			name = Release;
		};
		77C0D2E826AA17A600670F6C /* Debug */ = {
			isa = XCBuildConfiguration;
			buildSettings = {
				ASSETCATALOG_COMPILER_APPICON_NAME = AppIcon;
				ASSETCATALOG_COMPILER_GLOBAL_ACCENT_COLOR_NAME = AccentColor;
				CODE_SIGN_ENTITLEMENTS = macOS/macOS.entitlements;
				CODE_SIGN_IDENTITY = "-";
				CODE_SIGN_STYLE = Automatic;
				COMBINE_HIDPI_IMAGES = YES;
				ENABLE_PREVIEWS = YES;
				INFOPLIST_FILE = macOS/Info.plist;
				LD_RUNPATH_SEARCH_PATHS = (
					"$(inherited)",
					"@executable_path/../Frameworks",
				);
				MACOSX_DEPLOYMENT_TARGET = 12.0;
				PRODUCT_BUNDLE_IDENTIFIER = net.rubenz.pitsh;
				PRODUCT_NAME = pitsh;
				SDKROOT = macosx;
				SWIFT_VERSION = 5.0;
			};
			name = Debug;
		};
		77C0D2E926AA17A600670F6C /* Release */ = {
			isa = XCBuildConfiguration;
			buildSettings = {
				ASSETCATALOG_COMPILER_APPICON_NAME = AppIcon;
				ASSETCATALOG_COMPILER_GLOBAL_ACCENT_COLOR_NAME = AccentColor;
				CODE_SIGN_ENTITLEMENTS = macOS/macOS.entitlements;
				CODE_SIGN_IDENTITY = "-";
				CODE_SIGN_STYLE = Automatic;
				COMBINE_HIDPI_IMAGES = YES;
				ENABLE_PREVIEWS = YES;
				INFOPLIST_FILE = macOS/Info.plist;
				LD_RUNPATH_SEARCH_PATHS = (
					"$(inherited)",
					"@executable_path/../Frameworks",
				);
				MACOSX_DEPLOYMENT_TARGET = 12.0;
				PRODUCT_BUNDLE_IDENTIFIER = net.rubenz.pitsh;
				PRODUCT_NAME = pitsh;
				SDKROOT = macosx;
				SWIFT_VERSION = 5.0;
			};
			name = Release;
		};
		77C0D2EB26AA17A600670F6C /* Debug */ = {
			isa = XCBuildConfiguration;
			buildSettings = {
				ALWAYS_EMBED_SWIFT_STANDARD_LIBRARIES = YES;
				CODE_SIGN_STYLE = Automatic;
				INFOPLIST_FILE = "Tests iOS/Info.plist";
				IPHONEOS_DEPLOYMENT_TARGET = 14.5;
				LD_RUNPATH_SEARCH_PATHS = (
					"$(inherited)",
					"@executable_path/Frameworks",
					"@loader_path/Frameworks",
				);
				PRODUCT_BUNDLE_IDENTIFIER = "net.rubenz.Tests-iOS";
				PRODUCT_NAME = "$(TARGET_NAME)";
				SDKROOT = iphoneos;
				SWIFT_VERSION = 5.0;
				TARGETED_DEVICE_FAMILY = "1,2";
				TEST_TARGET_NAME = "pitsh (iOS)";
			};
			name = Debug;
		};
		77C0D2EC26AA17A600670F6C /* Release */ = {
			isa = XCBuildConfiguration;
			buildSettings = {
				ALWAYS_EMBED_SWIFT_STANDARD_LIBRARIES = YES;
				CODE_SIGN_STYLE = Automatic;
				INFOPLIST_FILE = "Tests iOS/Info.plist";
				IPHONEOS_DEPLOYMENT_TARGET = 14.5;
				LD_RUNPATH_SEARCH_PATHS = (
					"$(inherited)",
					"@executable_path/Frameworks",
					"@loader_path/Frameworks",
				);
				PRODUCT_BUNDLE_IDENTIFIER = "net.rubenz.Tests-iOS";
				PRODUCT_NAME = "$(TARGET_NAME)";
				SDKROOT = iphoneos;
				SWIFT_VERSION = 5.0;
				TARGETED_DEVICE_FAMILY = "1,2";
				TEST_TARGET_NAME = "pitsh (iOS)";
				VALIDATE_PRODUCT = YES;
			};
			name = Release;
		};
		77C0D2EE26AA17A600670F6C /* Debug */ = {
			isa = XCBuildConfiguration;
			buildSettings = {
				ALWAYS_EMBED_SWIFT_STANDARD_LIBRARIES = YES;
				CODE_SIGN_STYLE = Automatic;
				COMBINE_HIDPI_IMAGES = YES;
				INFOPLIST_FILE = "Tests macOS/Info.plist";
				LD_RUNPATH_SEARCH_PATHS = (
					"$(inherited)",
					"@executable_path/../Frameworks",
					"@loader_path/../Frameworks",
				);
				MACOSX_DEPLOYMENT_TARGET = 11.3;
				PRODUCT_BUNDLE_IDENTIFIER = "net.rubenz.Tests-macOS";
				PRODUCT_NAME = "$(TARGET_NAME)";
				SDKROOT = macosx;
				SWIFT_VERSION = 5.0;
				TEST_TARGET_NAME = "pitsh (macOS)";
			};
			name = Debug;
		};
		77C0D2EF26AA17A600670F6C /* Release */ = {
			isa = XCBuildConfiguration;
			buildSettings = {
				ALWAYS_EMBED_SWIFT_STANDARD_LIBRARIES = YES;
				CODE_SIGN_STYLE = Automatic;
				COMBINE_HIDPI_IMAGES = YES;
				INFOPLIST_FILE = "Tests macOS/Info.plist";
				LD_RUNPATH_SEARCH_PATHS = (
					"$(inherited)",
					"@executable_path/../Frameworks",
					"@loader_path/../Frameworks",
				);
				MACOSX_DEPLOYMENT_TARGET = 11.3;
				PRODUCT_BUNDLE_IDENTIFIER = "net.rubenz.Tests-macOS";
				PRODUCT_NAME = "$(TARGET_NAME)";
				SDKROOT = macosx;
				SWIFT_VERSION = 5.0;
				TEST_TARGET_NAME = "pitsh (macOS)";
			};
			name = Release;
		};
/* End XCBuildConfiguration section */

/* Begin XCConfigurationList section */
		77C0D2B126AA17A600670F6C /* Build configuration list for PBXProject "pitsh" */ = {
			isa = XCConfigurationList;
			buildConfigurations = (
				77C0D2E226AA17A600670F6C /* Debug */,
				77C0D2E326AA17A600670F6C /* Release */,
			);
			defaultConfigurationIsVisible = 0;
			defaultConfigurationName = Release;
		};
		77C0D2E426AA17A600670F6C /* Build configuration list for PBXNativeTarget "pitsh (iOS)" */ = {
			isa = XCConfigurationList;
			buildConfigurations = (
				77C0D2E526AA17A600670F6C /* Debug */,
				77C0D2E626AA17A600670F6C /* Release */,
			);
			defaultConfigurationIsVisible = 0;
			defaultConfigurationName = Release;
		};
		77C0D2E726AA17A600670F6C /* Build configuration list for PBXNativeTarget "pitsh (macOS)" */ = {
			isa = XCConfigurationList;
			buildConfigurations = (
				77C0D2E826AA17A600670F6C /* Debug */,
				77C0D2E926AA17A600670F6C /* Release */,
			);
			defaultConfigurationIsVisible = 0;
			defaultConfigurationName = Release;
		};
		77C0D2EA26AA17A600670F6C /* Build configuration list for PBXNativeTarget "Tests iOS" */ = {
			isa = XCConfigurationList;
			buildConfigurations = (
				77C0D2EB26AA17A600670F6C /* Debug */,
				77C0D2EC26AA17A600670F6C /* Release */,
			);
			defaultConfigurationIsVisible = 0;
			defaultConfigurationName = Release;
		};
		77C0D2ED26AA17A600670F6C /* Build configuration list for PBXNativeTarget "Tests macOS" */ = {
			isa = XCConfigurationList;
			buildConfigurations = (
				77C0D2EE26AA17A600670F6C /* Debug */,
				77C0D2EF26AA17A600670F6C /* Release */,
			);
			defaultConfigurationIsVisible = 0;
			defaultConfigurationName = Release;
		};
/* End XCConfigurationList section */

/* Begin XCRemoteSwiftPackageReference section */
		77C0D2F026AA185100670F6C /* XCRemoteSwiftPackageReference "AudioKit" */ = {
			isa = XCRemoteSwiftPackageReference;
			repositoryURL = "https://github.com/AudioKit/AudioKit/";
			requirement = {
				kind = upToNextMajorVersion;
				minimumVersion = 5.2.0;
			};
		};
/* End XCRemoteSwiftPackageReference section */

/* Begin XCSwiftPackageProductDependency section */
		774186EE276F1B4C0068D524 /* AudioKit */ = {
			isa = XCSwiftPackageProductDependency;
			package = 77C0D2F026AA185100670F6C /* XCRemoteSwiftPackageReference "AudioKit" */;
			productName = AudioKit;
		};
		77C0D2F126AA185100670F6C /* AudioKit */ = {
			isa = XCSwiftPackageProductDependency;
			package = 77C0D2F026AA185100670F6C /* XCRemoteSwiftPackageReference "AudioKit" */;
			productName = AudioKit;
		};
/* End XCSwiftPackageProductDependency section */

/* Begin XCVersionGroup section */
		778CEBB6276DA58B00E6C53E /* Pitsh.xcdatamodeld */ = {
			isa = XCVersionGroup;
			children = (
				778CEBB7276DA58B00E6C53E /* Model.xcdatamodel */,
			);
			currentVersion = 778CEBB7276DA58B00E6C53E /* Model.xcdatamodel */;
			path = Pitsh.xcdatamodeld;
			sourceTree = "<group>";
			versionGroupType = wrapper.xcdatamodel;
		};
/* End XCVersionGroup section */
	};
	rootObject = 77C0D2AE26AA17A600670F6C /* Project object */;
}
